
Microsoft Visual Studio Solution File, Format Version 12.00
# Visual Studio Version 17
VisualStudioVersion = 17.14.37027.9 d17.14
MinimumVisualStudioVersion = 10.0.40219.1
Project("{FAE04EC0-301F-11D3-BF4B-00C04F79EFBC}") = "Bai3", "Bai3.csproj", "{BE1EB61B-03CA-4E40-A841-05BE6451BEBC}"
EndProject
Global
	GlobalSection(SolutionConfigurationPlatforms) = preSolution
		Debug|Any CPU = Debug|Any CPU
		Release|Any CPU = Release|Any CPU
	EndGlobalSection
	GlobalSection(ProjectConfigurationPlatforms) = postSolution
		{BE1EB61B-03CA-4E40-A841-05BE6451BEBC}.Debug|Any CPU.ActiveCfg = Debug|Any CPU
		{BE1EB61B-03CA-4E40-A841-05BE6451BEBC}.Debug|Any CPU.Build.0 = Debug|Any CPU
		{BE1EB61B-03CA-4E40-A841-05BE6451BEBC}.Release|Any CPU.ActiveCfg = Release|Any CPU
		{BE1EB61B-03CA-4E40-A841-05BE6451BEBC}.Release|Any CPU.Build.0 = Release|Any CPU
	EndGlobalSection
	GlobalSection(SolutionProperties) = preSolution
		HideSolutionNode = FALSE
	EndGlobalSection
	GlobalSection(ExtensibilityGlobals) = postSolution
		SolutionGuid = {133DC0E9-7E09-45A9-9584-240A1DDA67D7}
	EndGlobalSection
EndGlobal
