
Microsoft Visual Studio Solution File, Format Version 12.00
# Visual Studio Version 17
VisualStudioVersion = 17.14.37027.9 d17.14
MinimumVisualStudioVersion = 10.0.40219.1
Project("{FAE04EC0-301F-11D3-BF4B-00C04F79EFBC}") = "Bai5", "Bai5.csproj", "{D0DA3099-4378-4832-B30E-8BFFE51BC4FB}"
EndProject
Global
	GlobalSection(SolutionConfigurationPlatforms) = preSolution
		Debug|Any CPU = Debug|Any CPU
		Release|Any CPU = Release|Any CPU
	EndGlobalSection
	GlobalSection(ProjectConfigurationPlatforms) = postSolution
		{D0DA3099-4378-4832-B30E-8BFFE51BC4FB}.Debug|Any CPU.ActiveCfg = Debug|Any CPU
		{D0DA3099-4378-4832-B30E-8BFFE51BC4FB}.Debug|Any CPU.Build.0 = Debug|Any CPU
		{D0DA3099-4378-4832-B30E-8BFFE51BC4FB}.Release|Any CPU.ActiveCfg = Release|Any CPU
		{D0DA3099-4378-4832-B30E-8BFFE51BC4FB}.Release|Any CPU.Build.0 = Release|Any CPU
	EndGlobalSection
	GlobalSection(SolutionProperties) = preSolution
		HideSolutionNode = FALSE
	EndGlobalSection
	GlobalSection(ExtensibilityGlobals) = postSolution
		SolutionGuid = {683B8241-650A-493B-9E1B-02C8C5121437}
	EndGlobalSection
EndGlobal
