
Microsoft Visual Studio Solution File, Format Version 12.00
# Visual Studio Version 17
VisualStudioVersion = 17.14.37027.9 d17.14
MinimumVisualStudioVersion = 10.0.40219.1
Project("{FAE04EC0-301F-11D3-BF4B-00C04F79EFBC}") = "Bai18", "Bai18.csproj", "{4099A5AE-77F2-4D3C-9A53-CDABE500B017}"
EndProject
Global
	GlobalSection(SolutionConfigurationPlatforms) = preSolution
		Debug|Any CPU = Debug|Any CPU
		Release|Any CPU = Release|Any CPU
	EndGlobalSection
	GlobalSection(ProjectConfigurationPlatforms) = postSolution
		{4099A5AE-77F2-4D3C-9A53-CDABE500B017}.Debug|Any CPU.ActiveCfg = Debug|Any CPU
		{4099A5AE-77F2-4D3C-9A53-CDABE500B017}.Debug|Any CPU.Build.0 = Debug|Any CPU
		{4099A5AE-77F2-4D3C-9A53-CDABE500B017}.Release|Any CPU.ActiveCfg = Release|Any CPU
		{4099A5AE-77F2-4D3C-9A53-CDABE500B017}.Release|Any CPU.Build.0 = Release|Any CPU
	EndGlobalSection
	GlobalSection(SolutionProperties) = preSolution
		HideSolutionNode = FALSE
	EndGlobalSection
	GlobalSection(ExtensibilityGlobals) = postSolution
		SolutionGuid = {87EE8CBC-5174-4E8B-AC98-0D6956644CCE}
	EndGlobalSection
EndGlobal
