
Microsoft Visual Studio Solution File, Format Version 12.00
# Visual Studio Version 17
VisualStudioVersion = 17.14.37027.9 d17.14
MinimumVisualStudioVersion = 10.0.40219.1
Project("{FAE04EC0-301F-11D3-BF4B-00C04F79EFBC}") = "Bai4", "Bai4.csproj", "{E084D598-A4C3-4803-B49B-0FF2747D7E1A}"
EndProject
Global
	GlobalSection(SolutionConfigurationPlatforms) = preSolution
		Debug|Any CPU = Debug|Any CPU
		Release|Any CPU = Release|Any CPU
	EndGlobalSection
	GlobalSection(ProjectConfigurationPlatforms) = postSolution
		{E084D598-A4C3-4803-B49B-0FF2747D7E1A}.Debug|Any CPU.ActiveCfg = Debug|Any CPU
		{E084D598-A4C3-4803-B49B-0FF2747D7E1A}.Debug|Any CPU.Build.0 = Debug|Any CPU
		{E084D598-A4C3-4803-B49B-0FF2747D7E1A}.Release|Any CPU.ActiveCfg = Release|Any CPU
		{E084D598-A4C3-4803-B49B-0FF2747D7E1A}.Release|Any CPU.Build.0 = Release|Any CPU
	EndGlobalSection
	GlobalSection(SolutionProperties) = preSolution
		HideSolutionNode = FALSE
	EndGlobalSection
	GlobalSection(ExtensibilityGlobals) = postSolution
		SolutionGuid = {A971A5D7-B11A-4915-9CEF-8F2325398B29}
	EndGlobalSection
EndGlobal
