
Microsoft Visual Studio Solution File, Format Version 12.00
# Visual Studio Version 17
VisualStudioVersion = 17.14.37027.9 d17.14
MinimumVisualStudioVersion = 10.0.40219.1
Project("{FAE04EC0-301F-11D3-BF4B-00C04F79EFBC}") = "Bai16", "Bai16.csproj", "{EC2B4B13-BF00-4D84-B767-227E01C4DC8D}"
EndProject
Global
	GlobalSection(SolutionConfigurationPlatforms) = preSolution
		Debug|Any CPU = Debug|Any CPU
		Release|Any CPU = Release|Any CPU
	EndGlobalSection
	GlobalSection(ProjectConfigurationPlatforms) = postSolution
		{EC2B4B13-BF00-4D84-B767-227E01C4DC8D}.Debug|Any CPU.ActiveCfg = Debug|Any CPU
		{EC2B4B13-BF00-4D84-B767-227E01C4DC8D}.Debug|Any CPU.Build.0 = Debug|Any CPU
		{EC2B4B13-BF00-4D84-B767-227E01C4DC8D}.Release|Any CPU.ActiveCfg = Release|Any CPU
		{EC2B4B13-BF00-4D84-B767-227E01C4DC8D}.Release|Any CPU.Build.0 = Release|Any CPU
	EndGlobalSection
	GlobalSection(SolutionProperties) = preSolution
		HideSolutionNode = FALSE
	EndGlobalSection
	GlobalSection(ExtensibilityGlobals) = postSolution
		SolutionGuid = {06DFEC1E-58FA-481D-B8C2-EA6B3BC2B5FA}
	EndGlobalSection
EndGlobal
