
Microsoft Visual Studio Solution File, Format Version 12.00
# Visual Studio Version 17
VisualStudioVersion = 17.14.37027.9 d17.14
MinimumVisualStudioVersion = 10.0.40219.1
Project("{FAE04EC0-301F-11D3-BF4B-00C04F79EFBC}") = "Bai10", "Bai10.csproj", "{CF7BC596-C63E-47ED-91F1-53CEABAFAD32}"
EndProject
Global
	GlobalSection(SolutionConfigurationPlatforms) = preSolution
		Debug|Any CPU = Debug|Any CPU
		Release|Any CPU = Release|Any CPU
	EndGlobalSection
	GlobalSection(ProjectConfigurationPlatforms) = postSolution
		{CF7BC596-C63E-47ED-91F1-53CEABAFAD32}.Debug|Any CPU.ActiveCfg = Debug|Any CPU
		{CF7BC596-C63E-47ED-91F1-53CEABAFAD32}.Debug|Any CPU.Build.0 = Debug|Any CPU
		{CF7BC596-C63E-47ED-91F1-53CEABAFAD32}.Release|Any CPU.ActiveCfg = Release|Any CPU
		{CF7BC596-C63E-47ED-91F1-53CEABAFAD32}.Release|Any CPU.Build.0 = Release|Any CPU
	EndGlobalSection
	GlobalSection(SolutionProperties) = preSolution
		HideSolutionNode = FALSE
	EndGlobalSection
	GlobalSection(ExtensibilityGlobals) = postSolution
		SolutionGuid = {3AB6EF4D-DC95-417B-9EE0-3A709C88EFEF}
	EndGlobalSection
EndGlobal
